
Microsoft Visual Studio Solution File, Format Version 12.00
# Visual Studio Version 16
VisualStudioVersion = 16.0.29215.179
MinimumVisualStudioVersion = 10.0.40219.1
Project("{FAE04EC0-301F-11D3-BF4B-00C04F79EFBC}") = "AwesomeCalculator_Mutant2", "AwesomeCalculator_Mutant2\AwesomeCalculator_Mutant2.csproj", "{7CDAC6E0-D356-4671-AC09-26CCE457E8BB}"
EndProject
Project("{FAE04EC0-301F-11D3-BF4B-00C04F79EFBC}") = "AwesomeCalculator_Mutant2Tests", "AwesomeCalculator_Mutant2Tests\AwesomeCalculator_Mutant2Tests.csproj", "{1DCAB826-CE25-4C42-831C-973102EB29F0}"
EndProject
Global
	GlobalSection(SolutionConfigurationPlatforms) = preSolution
		Debug|Any CPU = Debug|Any CPU
		Release|Any CPU = Release|Any CPU
	EndGlobalSection
	GlobalSection(ProjectConfigurationPlatforms) = postSolution
		{7CDAC6E0-D356-4671-AC09-26CCE457E8BB}.Debug|Any CPU.ActiveCfg = Debug|Any CPU
		{7CDAC6E0-D356-4671-AC09-26CCE457E8BB}.Debug|Any CPU.Build.0 = Debug|Any CPU
		{7CDAC6E0-D356-4671-AC09-26CCE457E8BB}.Release|Any CPU.ActiveCfg = Release|Any CPU
		{7CDAC6E0-D356-4671-AC09-26CCE457E8BB}.Release|Any CPU.Build.0 = Release|Any CPU
		{1DCAB826-CE25-4C42-831C-973102EB29F0}.Debug|Any CPU.ActiveCfg = Debug|Any CPU
		{1DCAB826-CE25-4C42-831C-973102EB29F0}.Debug|Any CPU.Build.0 = Debug|Any CPU
		{1DCAB826-CE25-4C42-831C-973102EB29F0}.Release|Any CPU.ActiveCfg = Release|Any CPU
		{1DCAB826-CE25-4C42-831C-973102EB29F0}.Release|Any CPU.Build.0 = Release|Any CPU
	EndGlobalSection
	GlobalSection(SolutionProperties) = preSolution
		HideSolutionNode = FALSE
	EndGlobalSection
	GlobalSection(ExtensibilityGlobals) = postSolution
		SolutionGuid = {857FD3C1-6E9C-4592-8581-B6611B52EDB5}
	EndGlobalSection
EndGlobal
